<Solution>
  <Project Path="src/OpenDeviceStudio.Abstractions/OpenDeviceStudio.Abstractions.csproj" />
  <Project Path="src/OpenDeviceStudio.Hosting/OpenDeviceStudio.Hosting.csproj" />
  <Project Path="src/OpenDeviceStudio.Connections/OpenDeviceStudio.Connections.csproj" />
  <Project Path="src/OpenDeviceStudio.Events/OpenDeviceStudio.Events.csproj" />
  <Project Path="src/OpenDeviceStudio.Resilience/OpenDeviceStudio.Resilience.csproj" />
  <Project Path="src/OpenDeviceStudio.Protocols/OpenDeviceStudio.Protocols.csproj" />
  <Project Path="src/OpenDeviceStudio.Control/OpenDeviceStudio.Control.csproj" />
  <Project Path="src/OpenDeviceStudio.Dataflow/OpenDeviceStudio.Dataflow.csproj" />
  <Project Path="src/OpenDeviceStudio.Acquisition/OpenDeviceStudio.Acquisition.csproj" />
  <Project Path="src/OpenDeviceStudio.Workflows/OpenDeviceStudio.Workflows.csproj" />
  <Project Path="src/OpenDeviceStudio.StateMachines/OpenDeviceStudio.StateMachines.csproj" />
  <Project Path="src/OpenDeviceStudio.Diagnostics/OpenDeviceStudio.Diagnostics.csproj" />
  <Project Path="src/OpenDeviceStudio.Observability/OpenDeviceStudio.Observability.csproj" />
  <Project Path="src/OpenDeviceStudio.Modules/OpenDeviceStudio.Modules.csproj" />
  <Project Path="src/OpenDeviceStudio.Transport.Serial/OpenDeviceStudio.Transport.Serial.csproj" />
  <Project Path="src/OpenDeviceStudio.Transport.Tcp/OpenDeviceStudio.Transport.Tcp.csproj" />
  <Project Path="src/OpenDeviceStudio.Transport.Simulator/OpenDeviceStudio.Transport.Simulator.csproj" />
  <Project Path="src/OpenDeviceStudio.Transport.Usb/OpenDeviceStudio.Transport.Usb.csproj" />
  <Project Path="src/OpenDeviceStudio.Transport.Can/OpenDeviceStudio.Transport.Can.csproj" />
  <Project Path="src/OpenDeviceStudio.Transport.Ble/OpenDeviceStudio.Transport.Ble.csproj" />
  <Project Path="src/OpenDeviceStudio.Transport.VendorSdk/OpenDeviceStudio.Transport.VendorSdk.csproj" />
  <Project Path="src/OpenDeviceStudio.Storage.FileSystem/OpenDeviceStudio.Storage.FileSystem.csproj" />
  <Project Path="src/OpenDeviceStudio.Starters/OpenDeviceStudio.Starters.csproj" />
  <Project Path="src/OpenDeviceStudio.Presentation.Wpf/OpenDeviceStudio.Presentation.Wpf.csproj" />
  <Project Path="src/OpenDeviceStudio.Testing/OpenDeviceStudio.Testing.csproj" />
  <Project Path="samples/OpenDeviceStudio.Sample.DeviceControl/OpenDeviceStudio.Sample.DeviceControl.csproj" />
  <Project Path="samples/OpenDeviceStudio.Sample.AutomationStation/OpenDeviceStudio.Sample.AutomationStation.csproj" />
  <Project Path="samples/OpenDeviceStudio.Sample.DataAcquisition/OpenDeviceStudio.Sample.DataAcquisition.csproj" />
  <Project Path="tests/OpenDeviceStudio.Tests/OpenDeviceStudio.Tests.csproj" />
  <Project Path="app/OpenDeviceStudio.App/OpenDeviceStudio.App.csproj" />
</Solution>
